
Microsoft Visual Studio Solution File, Format Version 12.00
# Visual Studio Version 16
VisualStudioVersion = 16.0.30413.136
MinimumVisualStudioVersion = 10.0.40219.1
Project("{9A19103F-16F7-4668-BE54-9A1E7A4F7556}") = "SmoothValidation", "SmoothValidation\SmoothValidation.csproj", "{CF6E8D4E-BE7D-4517-A4C1-D2887E55425A}"
EndProject
Project("{9A19103F-16F7-4668-BE54-9A1E7A4F7556}") = "TestApp", "TestApp\TestApp.csproj", "{BE2C8518-58F4-45E8-885E-6406BE23CAA8}"
EndProject
Project("{9A19103F-16F7-4668-BE54-9A1E7A4F7556}") = "SmoothValidation.Tests.Unit", "SmoothValidation.Tests.Unit\SmoothValidation.Tests.Unit.csproj", "{829869AC-7ACD-4F88-A7EF-89569661EDC8}"
EndProject
Project("{9A19103F-16F7-4668-BE54-9A1E7A4F7556}") = "SmoothValidation.DependencyInjection", "SmoothValidation.DependencyInjection\SmoothValidation.DependencyInjection.csproj", "{53759DC5-EE7E-4EE8-A135-9E69728CBEE3}"
EndProject
Project("{FAE04EC0-301F-11D3-BF4B-00C04F79EFBC}") = "TestWebApp", "TestWebApp\TestWebApp.csproj", "{35A9AC5F-43D4-4258-A5DC-D86BFE15D2AC}"
EndProject
Global
	GlobalSection(SolutionConfigurationPlatforms) = preSolution
		Debug|Any CPU = Debug|Any CPU
		Release|Any CPU = Release|Any CPU
	EndGlobalSection
	GlobalSection(ProjectConfigurationPlatforms) = postSolution
		{CF6E8D4E-BE7D-4517-A4C1-D2887E55425A}.Debug|Any CPU.ActiveCfg = Debug|Any CPU
		{CF6E8D4E-BE7D-4517-A4C1-D2887E55425A}.Debug|Any CPU.Build.0 = Debug|Any CPU
		{CF6E8D4E-BE7D-4517-A4C1-D2887E55425A}.Release|Any CPU.ActiveCfg = Release|Any CPU
		{CF6E8D4E-BE7D-4517-A4C1-D2887E55425A}.Release|Any CPU.Build.0 = Release|Any CPU
		{BE2C8518-58F4-45E8-885E-6406BE23CAA8}.Debug|Any CPU.ActiveCfg = Debug|Any CPU
		{BE2C8518-58F4-45E8-885E-6406BE23CAA8}.Debug|Any CPU.Build.0 = Debug|Any CPU
		{BE2C8518-58F4-45E8-885E-6406BE23CAA8}.Release|Any CPU.ActiveCfg = Release|Any CPU
		{BE2C8518-58F4-45E8-885E-6406BE23CAA8}.Release|Any CPU.Build.0 = Release|Any CPU
		{829869AC-7ACD-4F88-A7EF-89569661EDC8}.Debug|Any CPU.ActiveCfg = Debug|Any CPU
		{829869AC-7ACD-4F88-A7EF-89569661EDC8}.Debug|Any CPU.Build.0 = Debug|Any CPU
		{829869AC-7ACD-4F88-A7EF-89569661EDC8}.Release|Any CPU.ActiveCfg = Release|Any CPU
		{829869AC-7ACD-4F88-A7EF-89569661EDC8}.Release|Any CPU.Build.0 = Release|Any CPU
		{53759DC5-EE7E-4EE8-A135-9E69728CBEE3}.Debug|Any CPU.ActiveCfg = Debug|Any CPU
		{53759DC5-EE7E-4EE8-A135-9E69728CBEE3}.Debug|Any CPU.Build.0 = Debug|Any CPU
		{53759DC5-EE7E-4EE8-A135-9E69728CBEE3}.Release|Any CPU.ActiveCfg = Release|Any CPU
		{53759DC5-EE7E-4EE8-A135-9E69728CBEE3}.Release|Any CPU.Build.0 = Release|Any CPU
		{35A9AC5F-43D4-4258-A5DC-D86BFE15D2AC}.Debug|Any CPU.ActiveCfg = Debug|Any CPU
		{35A9AC5F-43D4-4258-A5DC-D86BFE15D2AC}.Debug|Any CPU.Build.0 = Debug|Any CPU
		{35A9AC5F-43D4-4258-A5DC-D86BFE15D2AC}.Release|Any CPU.ActiveCfg = Release|Any CPU
		{35A9AC5F-43D4-4258-A5DC-D86BFE15D2AC}.Release|Any CPU.Build.0 = Release|Any CPU
	EndGlobalSection
	GlobalSection(SolutionProperties) = preSolution
		HideSolutionNode = FALSE
	EndGlobalSection
	GlobalSection(ExtensibilityGlobals) = postSolution
		SolutionGuid = {F0D1A491-6395-4A1B-8C1C-55239F15B5F1}
	EndGlobalSection
EndGlobal
